
Microsoft Visual Studio Solution File, Format Version 12.00
# Visual Studio Version 17
VisualStudioVersion = 17.0.31808.319
MinimumVisualStudioVersion = 10.0.40219.1
Project("{9A19103F-16F7-4668-BE54-9A1E7A4F7556}") = "Emgu_Test", "Emgu_Test\Emgu_Test.csproj", "{AB52BAAE-3894-4223-AE37-5B2F8D3B50C4}"
EndProject
Project("{FAE04EC0-301F-11D3-BF4B-00C04F79EFBC}") = "Emgu_Test.Tests", "Emgu_Test.Tests\Emgu_Test.Tests.csproj", "{FC460DD1-BBA8-468B-BEAD-66DDDC83AD5D}"
EndProject
Global
	GlobalSection(SolutionConfigurationPlatforms) = preSolution
		Debug|Any CPU = Debug|Any CPU
		Debug|ARM32 = Debug|ARM32
		Debug|x64 = Debug|x64
		Debug|x86 = Debug|x86
		Release|Any CPU = Release|Any CPU
		Release|ARM32 = Release|ARM32
		Release|x64 = Release|x64
		Release|x86 = Release|x86
	EndGlobalSection
	GlobalSection(ProjectConfigurationPlatforms) = postSolution
		{AB52BAAE-3894-4223-AE37-5B2F8D3B50C4}.Debug|Any CPU.ActiveCfg = Debug|Any CPU
		{AB52BAAE-3894-4223-AE37-5B2F8D3B50C4}.Debug|Any CPU.Build.0 = Debug|Any CPU
		{AB52BAAE-3894-4223-AE37-5B2F8D3B50C4}.Debug|ARM32.ActiveCfg = Debug|ARM32
		{AB52BAAE-3894-4223-AE37-5B2F8D3B50C4}.Debug|ARM32.Build.0 = Debug|ARM32
		{AB52BAAE-3894-4223-AE37-5B2F8D3B50C4}.Debug|x64.ActiveCfg = Debug|x64
		{AB52BAAE-3894-4223-AE37-5B2F8D3B50C4}.Debug|x64.Build.0 = Debug|x64
		{AB52BAAE-3894-4223-AE37-5B2F8D3B50C4}.Debug|x86.ActiveCfg = Debug|x86
		{AB52BAAE-3894-4223-AE37-5B2F8D3B50C4}.Debug|x86.Build.0 = Debug|x86
		{AB52BAAE-3894-4223-AE37-5B2F8D3B50C4}.Release|Any CPU.ActiveCfg = Release|Any CPU
		{AB52BAAE-3894-4223-AE37-5B2F8D3B50C4}.Release|Any CPU.Build.0 = Release|Any CPU
		{AB52BAAE-3894-4223-AE37-5B2F8D3B50C4}.Release|ARM32.ActiveCfg = Release|ARM32
		{AB52BAAE-3894-4223-AE37-5B2F8D3B50C4}.Release|ARM32.Build.0 = Release|ARM32
		{AB52BAAE-3894-4223-AE37-5B2F8D3B50C4}.Release|x64.ActiveCfg = Release|x64
		{AB52BAAE-3894-4223-AE37-5B2F8D3B50C4}.Release|x64.Build.0 = Release|x64
		{AB52BAAE-3894-4223-AE37-5B2F8D3B50C4}.Release|x86.ActiveCfg = Release|x86
		{AB52BAAE-3894-4223-AE37-5B2F8D3B50C4}.Release|x86.Build.0 = Release|x86
		{FC460DD1-BBA8-468B-BEAD-66DDDC83AD5D}.Debug|Any CPU.ActiveCfg = Debug|Any CPU
		{FC460DD1-BBA8-468B-BEAD-66DDDC83AD5D}.Debug|Any CPU.Build.0 = Debug|Any CPU
		{FC460DD1-BBA8-468B-BEAD-66DDDC83AD5D}.Debug|ARM32.ActiveCfg = Debug|Any CPU
		{FC460DD1-BBA8-468B-BEAD-66DDDC83AD5D}.Debug|ARM32.Build.0 = Debug|Any CPU
		{FC460DD1-BBA8-468B-BEAD-66DDDC83AD5D}.Debug|x64.ActiveCfg = Debug|Any CPU
		{FC460DD1-BBA8-468B-BEAD-66DDDC83AD5D}.Debug|x64.Build.0 = Debug|Any CPU
		{FC460DD1-BBA8-468B-BEAD-66DDDC83AD5D}.Debug|x86.ActiveCfg = Debug|Any CPU
		{FC460DD1-BBA8-468B-BEAD-66DDDC83AD5D}.Debug|x86.Build.0 = Debug|Any CPU
		{FC460DD1-BBA8-468B-BEAD-66DDDC83AD5D}.Release|Any CPU.ActiveCfg = Release|Any CPU
		{FC460DD1-BBA8-468B-BEAD-66DDDC83AD5D}.Release|Any CPU.Build.0 = Release|Any CPU
		{FC460DD1-BBA8-468B-BEAD-66DDDC83AD5D}.Release|ARM32.ActiveCfg = Release|Any CPU
		{FC460DD1-BBA8-468B-BEAD-66DDDC83AD5D}.Release|ARM32.Build.0 = Release|Any CPU
		{FC460DD1-BBA8-468B-BEAD-66DDDC83AD5D}.Release|x64.ActiveCfg = Release|Any CPU
		{FC460DD1-BBA8-468B-BEAD-66DDDC83AD5D}.Release|x64.Build.0 = Release|Any CPU
		{FC460DD1-BBA8-468B-BEAD-66DDDC83AD5D}.Release|x86.ActiveCfg = Release|Any CPU
		{FC460DD1-BBA8-468B-BEAD-66DDDC83AD5D}.Release|x86.Build.0 = Release|Any CPU
	EndGlobalSection
	GlobalSection(SolutionProperties) = preSolution
		HideSolutionNode = FALSE
	EndGlobalSection
	GlobalSection(ExtensibilityGlobals) = postSolution
		SolutionGuid = {52E53FAE-C42A-4AF0-92DA-E985F0A50418}
	EndGlobalSection
EndGlobal
